
Microsoft Visual Studio Solution File, Format Version 12.00
# Visual Studio Version 17
VisualStudioVersion = 17.13.35919.96
MinimumVisualStudioVersion = 10.0.40219.1
Project("{2150E333-8FDC-42A3-9474-1A3956D46DE8}") = "src", "src", "{02EA681E-C7D8-13C7-8484-4AC65E1B71E8}"
EndProject
Project("{2150E333-8FDC-42A3-9474-1A3956D46DE8}") = "test", "test", "{5DC1AF62-8113-43BE-9CC8-55D746DEC636}"
EndProject
Project("{2150E333-8FDC-42A3-9474-1A3956D46DE8}") = "API", "API", "{F414DB31-8C5B-4B7A-9ECF-7143BEF140FC}"
EndProject
Project("{2150E333-8FDC-42A3-9474-1A3956D46DE8}") = "Core", "Core", "{F7FBBC21-2EDC-4507-A1F5-BC7719F06CF4}"
EndProject
Project("{2150E333-8FDC-42A3-9474-1A3956D46DE8}") = "Infrastructure", "Infrastructure", "{2082AB54-E579-40FC-B12B-8708BBD07AF5}"
EndProject
Project("{2150E333-8FDC-42A3-9474-1A3956D46DE8}") = "UI", "UI", "{C2DF7EE0-B9C9-4A16-AE0E-4015B3BE090A}"
EndProject
Project("{FAE04EC0-301F-11D3-BF4B-00C04F79EFBC}") = "GloboTicket.TicketManagement.Domain", "GloboTicket.TicketManagement.Domain\GloboTicket.TicketManagement.Domain.csproj", "{6B12D1DF-4FAD-4EB2-BA5E-EA1D5C5E7ED7}"
EndProject
Project("{FAE04EC0-301F-11D3-BF4B-00C04F79EFBC}") = "GloboTicket.TicketManagement.Application", "GloboTicket.TicketManagement.Application\GloboTicket.TicketManagement.Application.csproj", "{D11970C1-E81F-413F-902F-3F454E333C41}"
EndProject
Project("{FAE04EC0-301F-11D3-BF4B-00C04F79EFBC}") = "GloboTicket.TicketManagement.Persistence", "GloboTicket.TicketManagement.Persistence\GloboTicket.TicketManagement.Persistence.csproj", "{16800D68-0267-4969-AECA-D0DF0B2EF8EF}"
EndProject
Project("{FAE04EC0-301F-11D3-BF4B-00C04F79EFBC}") = "GloboTicket.TicketManagement.Infrastructure", "GloboTicket.TicketManagement.Infrastructure\GloboTicket.TicketManagement.Infrastructure.csproj", "{2299E2F4-E9DB-4A81-84D8-9F916CEFC92B}"
EndProject
Project("{FAE04EC0-301F-11D3-BF4B-00C04F79EFBC}") = "GloboTicket.TicketManangement.Api", "GloboTicket.TicketManangement.Api\GloboTicket.TicketManangement.Api.csproj", "{916D360A-0A63-41B7-83CB-B76BEBE87715}"
EndProject
Global
	GlobalSection(SolutionConfigurationPlatforms) = preSolution
		Debug|Any CPU = Debug|Any CPU
		Release|Any CPU = Release|Any CPU
	EndGlobalSection
	GlobalSection(ProjectConfigurationPlatforms) = postSolution
		{6B12D1DF-4FAD-4EB2-BA5E-EA1D5C5E7ED7}.Debug|Any CPU.ActiveCfg = Debug|Any CPU
		{6B12D1DF-4FAD-4EB2-BA5E-EA1D5C5E7ED7}.Debug|Any CPU.Build.0 = Debug|Any CPU
		{6B12D1DF-4FAD-4EB2-BA5E-EA1D5C5E7ED7}.Release|Any CPU.ActiveCfg = Release|Any CPU
		{6B12D1DF-4FAD-4EB2-BA5E-EA1D5C5E7ED7}.Release|Any CPU.Build.0 = Release|Any CPU
		{D11970C1-E81F-413F-902F-3F454E333C41}.Debug|Any CPU.ActiveCfg = Debug|Any CPU
		{D11970C1-E81F-413F-902F-3F454E333C41}.Debug|Any CPU.Build.0 = Debug|Any CPU
		{D11970C1-E81F-413F-902F-3F454E333C41}.Release|Any CPU.ActiveCfg = Release|Any CPU
		{D11970C1-E81F-413F-902F-3F454E333C41}.Release|Any CPU.Build.0 = Release|Any CPU
		{16800D68-0267-4969-AECA-D0DF0B2EF8EF}.Debug|Any CPU.ActiveCfg = Debug|Any CPU
		{16800D68-0267-4969-AECA-D0DF0B2EF8EF}.Debug|Any CPU.Build.0 = Debug|Any CPU
		{16800D68-0267-4969-AECA-D0DF0B2EF8EF}.Release|Any CPU.ActiveCfg = Release|Any CPU
		{16800D68-0267-4969-AECA-D0DF0B2EF8EF}.Release|Any CPU.Build.0 = Release|Any CPU
		{2299E2F4-E9DB-4A81-84D8-9F916CEFC92B}.Debug|Any CPU.ActiveCfg = Debug|Any CPU
		{2299E2F4-E9DB-4A81-84D8-9F916CEFC92B}.Debug|Any CPU.Build.0 = Debug|Any CPU
		{2299E2F4-E9DB-4A81-84D8-9F916CEFC92B}.Release|Any CPU.ActiveCfg = Release|Any CPU
		{2299E2F4-E9DB-4A81-84D8-9F916CEFC92B}.Release|Any CPU.Build.0 = Release|Any CPU
		{916D360A-0A63-41B7-83CB-B76BEBE87715}.Debug|Any CPU.ActiveCfg = Debug|Any CPU
		{916D360A-0A63-41B7-83CB-B76BEBE87715}.Debug|Any CPU.Build.0 = Debug|Any CPU
		{916D360A-0A63-41B7-83CB-B76BEBE87715}.Release|Any CPU.ActiveCfg = Release|Any CPU
		{916D360A-0A63-41B7-83CB-B76BEBE87715}.Release|Any CPU.Build.0 = Release|Any CPU
	EndGlobalSection
	GlobalSection(SolutionProperties) = preSolution
		HideSolutionNode = FALSE
	EndGlobalSection
	GlobalSection(NestedProjects) = preSolution
		{F414DB31-8C5B-4B7A-9ECF-7143BEF140FC} = {02EA681E-C7D8-13C7-8484-4AC65E1B71E8}
		{F7FBBC21-2EDC-4507-A1F5-BC7719F06CF4} = {02EA681E-C7D8-13C7-8484-4AC65E1B71E8}
		{2082AB54-E579-40FC-B12B-8708BBD07AF5} = {02EA681E-C7D8-13C7-8484-4AC65E1B71E8}
		{C2DF7EE0-B9C9-4A16-AE0E-4015B3BE090A} = {02EA681E-C7D8-13C7-8484-4AC65E1B71E8}
		{6B12D1DF-4FAD-4EB2-BA5E-EA1D5C5E7ED7} = {F7FBBC21-2EDC-4507-A1F5-BC7719F06CF4}
		{D11970C1-E81F-413F-902F-3F454E333C41} = {F7FBBC21-2EDC-4507-A1F5-BC7719F06CF4}
		{16800D68-0267-4969-AECA-D0DF0B2EF8EF} = {2082AB54-E579-40FC-B12B-8708BBD07AF5}
		{2299E2F4-E9DB-4A81-84D8-9F916CEFC92B} = {2082AB54-E579-40FC-B12B-8708BBD07AF5}
		{916D360A-0A63-41B7-83CB-B76BEBE87715} = {F414DB31-8C5B-4B7A-9ECF-7143BEF140FC}
	EndGlobalSection
	GlobalSection(ExtensibilityGlobals) = postSolution
		SolutionGuid = {2D886379-B7A3-4C10-BB22-267794FC0100}
	EndGlobalSection
EndGlobal
